
Microsoft Visual Studio Solution File, Format Version 12.00
# Visual Studio 15
VisualStudioVersion = 15.0.28307.329
MinimumVisualStudioVersion = 10.0.40219.1
Project("{FAE04EC0-301F-11D3-BF4B-00C04F79EFBC}") = "TestProject", "TestProject\TestProject.csproj", "{9FCADA0B-FDE1-41B9-BF0C-722DA6E29E69}"
EndProject
Project("{FAE04EC0-301F-11D3-BF4B-00C04F79EFBC}") = "API", "API\API.csproj", "{9E3B82BB-C01F-47E0-AB9B-DED732959BBA}"
EndProject
Project("{FAE04EC0-301F-11D3-BF4B-00C04F79EFBC}") = "BussinessLayer", "BussinessLayer\BussinessLayer.csproj", "{CE875852-2866-497D-B2AE-9FAFDFC00FBF}"
EndProject
Project("{FAE04EC0-301F-11D3-BF4B-00C04F79EFBC}") = "Shared", "Shared\Shared.csproj", "{AEB7BDC6-C868-4930-B6E6-533C7968E178}"
EndProject
Project("{FAE04EC0-301F-11D3-BF4B-00C04F79EFBC}") = "DataLayer", "DataLayer\DataLayer.csproj", "{8E0FAC04-045C-4CAE-A49E-08C5EEC532A6}"
EndProject
Global
	GlobalSection(SolutionConfigurationPlatforms) = preSolution
		Debug|Any CPU = Debug|Any CPU
		Release|Any CPU = Release|Any CPU
	EndGlobalSection
	GlobalSection(ProjectConfigurationPlatforms) = postSolution
		{9FCADA0B-FDE1-41B9-BF0C-722DA6E29E69}.Debug|Any CPU.ActiveCfg = Debug|Any CPU
		{9FCADA0B-FDE1-41B9-BF0C-722DA6E29E69}.Debug|Any CPU.Build.0 = Debug|Any CPU
		{9FCADA0B-FDE1-41B9-BF0C-722DA6E29E69}.Release|Any CPU.ActiveCfg = Release|Any CPU
		{9FCADA0B-FDE1-41B9-BF0C-722DA6E29E69}.Release|Any CPU.Build.0 = Release|Any CPU
		{9E3B82BB-C01F-47E0-AB9B-DED732959BBA}.Debug|Any CPU.ActiveCfg = Debug|Any CPU
		{9E3B82BB-C01F-47E0-AB9B-DED732959BBA}.Debug|Any CPU.Build.0 = Debug|Any CPU
		{9E3B82BB-C01F-47E0-AB9B-DED732959BBA}.Release|Any CPU.ActiveCfg = Release|Any CPU
		{9E3B82BB-C01F-47E0-AB9B-DED732959BBA}.Release|Any CPU.Build.0 = Release|Any CPU
		{CE875852-2866-497D-B2AE-9FAFDFC00FBF}.Debug|Any CPU.ActiveCfg = Debug|Any CPU
		{CE875852-2866-497D-B2AE-9FAFDFC00FBF}.Debug|Any CPU.Build.0 = Debug|Any CPU
		{CE875852-2866-497D-B2AE-9FAFDFC00FBF}.Release|Any CPU.ActiveCfg = Release|Any CPU
		{CE875852-2866-497D-B2AE-9FAFDFC00FBF}.Release|Any CPU.Build.0 = Release|Any CPU
		{AEB7BDC6-C868-4930-B6E6-533C7968E178}.Debug|Any CPU.ActiveCfg = Debug|Any CPU
		{AEB7BDC6-C868-4930-B6E6-533C7968E178}.Debug|Any CPU.Build.0 = Debug|Any CPU
		{AEB7BDC6-C868-4930-B6E6-533C7968E178}.Release|Any CPU.ActiveCfg = Release|Any CPU
		{AEB7BDC6-C868-4930-B6E6-533C7968E178}.Release|Any CPU.Build.0 = Release|Any CPU
		{8E0FAC04-045C-4CAE-A49E-08C5EEC532A6}.Debug|Any CPU.ActiveCfg = Debug|Any CPU
		{8E0FAC04-045C-4CAE-A49E-08C5EEC532A6}.Debug|Any CPU.Build.0 = Debug|Any CPU
		{8E0FAC04-045C-4CAE-A49E-08C5EEC532A6}.Release|Any CPU.ActiveCfg = Release|Any CPU
		{8E0FAC04-045C-4CAE-A49E-08C5EEC532A6}.Release|Any CPU.Build.0 = Release|Any CPU
	EndGlobalSection
	GlobalSection(SolutionProperties) = preSolution
		HideSolutionNode = FALSE
	EndGlobalSection
	GlobalSection(ExtensibilityGlobals) = postSolution
		SolutionGuid = {8ED6676E-3046-4FBB-8141-C9887EC7533F}
	EndGlobalSection
EndGlobal
